
Microsoft Visual Studio Solution File, Format Version 12.00
# Visual Studio Version 16
VisualStudioVersion = 16.0.31112.23
MinimumVisualStudioVersion = 10.0.40219.1
Project("{FAE04EC0-301F-11D3-BF4B-00C04F79EFBC}") = "DCDGear", "DCDGear.csproj", "{F827129F-5D68-4BD6-8844-B14EDF428D53}"
EndProject
Global
	GlobalSection(SolutionConfigurationPlatforms) = preSolution
		Debug|Any CPU = Debug|Any CPU
		Release|Any CPU = Release|Any CPU
	EndGlobalSection
	GlobalSection(ProjectConfigurationPlatforms) = postSolution
		{F827129F-5D68-4BD6-8844-B14EDF428D53}.Debug|Any CPU.ActiveCfg = Debug|Any CPU
		{F827129F-5D68-4BD6-8844-B14EDF428D53}.Debug|Any CPU.Build.0 = Debug|Any CPU
		{F827129F-5D68-4BD6-8844-B14EDF428D53}.Release|Any CPU.ActiveCfg = Release|Any CPU
		{F827129F-5D68-4BD6-8844-B14EDF428D53}.Release|Any CPU.Build.0 = Release|Any CPU
	EndGlobalSection
	GlobalSection(SolutionProperties) = preSolution
		HideSolutionNode = FALSE
	EndGlobalSection
	GlobalSection(ExtensibilityGlobals) = postSolution
		SolutionGuid = {D6ED9142-629A-4124-A7C5-93BB90A7E07F}
	EndGlobalSection
EndGlobal
